// !$*UTF8*$!
{
	archiveVersion = 1;
	classes = {
	};
	objectVersion = 46;
	objects = {

/* Begin PBXBuildFile section */
		505D91B51E1504E80012FBC1 /* main.cpp in Sources */ = {isa = PBXBuildFile; fileRef = 505D91B41E1504E80012FBC1 /* main.cpp */; };
		505D91C01E164CF40012FBC1 /* Cuma_client.cpp in Sources */ = {isa = PBXBuildFile; fileRef = 505D91BE1E164CF40012FBC1 /* Cuma_client.cpp */; };
		505D91C51E17F8FA0012FBC1 /* Cuma_Block.cpp in Sources */ = {isa = PBXBuildFile; fileRef = 505D91C31E17F8FA0012FBC1 /* Cuma_Block.cpp */; };
		505D91CA1E1805600012FBC1 /* Cli_Sck.cpp in Sources */ = {isa = PBXBuildFile; fileRef = 505D91C81E1805600012FBC1 /* Cli_Sck.cpp */; };
		50F6C83E1E1B441100DE8C47 /* jsoncpp.cpp in Sources */ = {isa = PBXBuildFile; fileRef = 50F6C83D1E1B441100DE8C47 /* jsoncpp.cpp */; };
/* End PBXBuildFile section */

/* Begin PBXCopyFilesBuildPhase section */
		505D91AF1E1504E80012FBC1 /* CopyFiles */ = {
			isa = PBXCopyFilesBuildPhase;
			buildActionMask = 2147483647;
			dstPath = /usr/share/man/man1/;
			dstSubfolderSpec = 0;
			files = (
			);
			runOnlyForDeploymentPostprocessing = 1;
		};
/* End PBXCopyFilesBuildPhase section */

/* Begin PBXFileReference section */
		505D91B11E1504E80012FBC1 /* Cuma_Client */ = {isa = PBXFileReference; explicitFileType = "compiled.mach-o.executable"; includeInIndex = 0; path = Cuma_Client; sourceTree = BUILT_PRODUCTS_DIR; };
		505D91B41E1504E80012FBC1 /* main.cpp */ = {isa = PBXFileReference; lastKnownFileType = sourcecode.cpp.cpp; path = main.cpp; sourceTree = "<group>"; };
		505D91BE1E164CF40012FBC1 /* Cuma_client.cpp */ = {isa = PBXFileReference; fileEncoding = 4; lastKnownFileType = sourcecode.cpp.cpp; path = Cuma_client.cpp; sourceTree = "<group>"; };
		505D91BF1E164CF40012FBC1 /* Cuma_client.hpp */ = {isa = PBXFileReference; fileEncoding = 4; lastKnownFileType = sourcecode.cpp.h; path = Cuma_client.hpp; sourceTree = "<group>"; };
		505D91C31E17F8FA0012FBC1 /* Cuma_Block.cpp */ = {isa = PBXFileReference; fileEncoding = 4; lastKnownFileType = sourcecode.cpp.cpp; path = Cuma_Block.cpp; sourceTree = "<group>"; };
		505D91C41E17F8FA0012FBC1 /* Cuma_Block.hpp */ = {isa = PBXFileReference; fileEncoding = 4; lastKnownFileType = sourcecode.cpp.h; path = Cuma_Block.hpp; sourceTree = "<group>"; };
		505D91C81E1805600012FBC1 /* Cli_Sck.cpp */ = {isa = PBXFileReference; fileEncoding = 4; lastKnownFileType = sourcecode.cpp.cpp; path = Cli_Sck.cpp; sourceTree = "<group>"; };
		505D91C91E1805600012FBC1 /* Cli_Sck.hpp */ = {isa = PBXFileReference; fileEncoding = 4; lastKnownFileType = sourcecode.cpp.h; path = Cli_Sck.hpp; sourceTree = "<group>"; };
		50F6C83D1E1B441100DE8C47 /* jsoncpp.cpp */ = {isa = PBXFileReference; fileEncoding = 4; lastKnownFileType = sourcecode.cpp.cpp; name = jsoncpp.cpp; path = "../../../../../xcode/jsoncpp-master/dist/jsoncpp.cpp"; sourceTree = "<group>"; };
		50F6C83F1E1B478C00DE8C47 /* Error_Binary.hpp */ = {isa = PBXFileReference; lastKnownFileType = sourcecode.cpp.h; path = Error_Binary.hpp; sourceTree = "<group>"; };
		50F6C8431E1BAA5B00DE8C47 /* C_Log.hpp */ = {isa = PBXFileReference; fileEncoding = 4; lastKnownFileType = sourcecode.cpp.h; path = C_Log.hpp; sourceTree = "<group>"; };
/* End PBXFileReference section */

/* Begin PBXFrameworksBuildPhase section */
		505D91AE1E1504E80012FBC1 /* Frameworks */ = {
			isa = PBXFrameworksBuildPhase;
			buildActionMask = 2147483647;
			files = (
			);
			runOnlyForDeploymentPostprocessing = 0;
		};
/* End PBXFrameworksBuildPhase section */

/* Begin PBXGroup section */
		505D91A81E1504E80012FBC1 = {
			isa = PBXGroup;
			children = (
				505D91B31E1504E80012FBC1 /* Cuma_Client */,
				505D91B21E1504E80012FBC1 /* Products */,
			);
			sourceTree = "<group>";
		};
		505D91B21E1504E80012FBC1 /* Products */ = {
			isa = PBXGroup;
			children = (
				505D91B11E1504E80012FBC1 /* Cuma_Client */,
			);
			name = Products;
			sourceTree = "<group>";
		};
		505D91B31E1504E80012FBC1 /* Cuma_Client */ = {
			isa = PBXGroup;
			children = (
				50F6C8451E1BAB7C00DE8C47 /* Error_Define */,
				50F6C83D1E1B441100DE8C47 /* jsoncpp.cpp */,
				505D91B41E1504E80012FBC1 /* main.cpp */,
				505D91C61E17FFC90012FBC1 /* NO_USE */,
				50F6C8401E1BA9F200DE8C47 /* Log */,
				50F6C8411E1BA9FD00DE8C47 /* Cuma_Client */,
			);
			path = Cuma_Client;
			sourceTree = "<group>";
		};
		505D91C61E17FFC90012FBC1 /* NO_USE */ = {
			isa = PBXGroup;
			children = (
				505D91C31E17F8FA0012FBC1 /* Cuma_Block.cpp */,
				505D91C41E17F8FA0012FBC1 /* Cuma_Block.hpp */,
			);
			name = NO_USE;
			sourceTree = "<group>";
		};
		50F6C8401E1BA9F200DE8C47 /* Log */ = {
			isa = PBXGroup;
			children = (
				50F6C8431E1BAA5B00DE8C47 /* C_Log.hpp */,
			);
			name = Log;
			sourceTree = "<group>";
		};
		50F6C8411E1BA9FD00DE8C47 /* Cuma_Client */ = {
			isa = PBXGroup;
			children = (
				505D91BF1E164CF40012FBC1 /* Cuma_client.hpp */,
				505D91BE1E164CF40012FBC1 /* Cuma_client.cpp */,
				505D91C91E1805600012FBC1 /* Cli_Sck.hpp */,
				505D91C81E1805600012FBC1 /* Cli_Sck.cpp */,
			);
			name = Cuma_Client;
			sourceTree = "<group>";
		};
		50F6C8451E1BAB7C00DE8C47 /* Error_Define */ = {
			isa = PBXGroup;
			children = (
				50F6C83F1E1B478C00DE8C47 /* Error_Binary.hpp */,
			);
			name = Error_Define;
			sourceTree = "<group>";
		};
/* End PBXGroup section */

/* Begin PBXNativeTarget section */
		505D91B01E1504E80012FBC1 /* Cuma_Client */ = {
			isa = PBXNativeTarget;
			buildConfigurationList = 505D91B81E1504E80012FBC1 /* Build configuration list for PBXNativeTarget "Cuma_Client" */;
			buildPhases = (
				505D91AD1E1504E80012FBC1 /* Sources */,
				505D91AE1E1504E80012FBC1 /* Frameworks */,
				505D91AF1E1504E80012FBC1 /* CopyFiles */,
			);
			buildRules = (
			);
			dependencies = (
			);
			name = Cuma_Client;
			productName = Cuma_Client;
			productReference = 505D91B11E1504E80012FBC1 /* Cuma_Client */;
			productType = "com.apple.product-type.tool";
		};
/* End PBXNativeTarget section */

/* Begin PBXProject section */
		505D91A91E1504E80012FBC1 /* Project object */ = {
			isa = PBXProject;
			attributes = {
				LastUpgradeCheck = 0800;
				ORGANIZATIONNAME = ace;
				TargetAttributes = {
					505D91B01E1504E80012FBC1 = {
						CreatedOnToolsVersion = 8.0;
						DevelopmentTeam = 2A9X84KH8Y;
						ProvisioningStyle = Automatic;
					};
				};
			};
			buildConfigurationList = 505D91AC1E1504E80012FBC1 /* Build configuration list for PBXProject "Cuma_Client" */;
			compatibilityVersion = "Xcode 3.2";
			developmentRegion = English;
			hasScannedForEncodings = 0;
			knownRegions = (
				en,
			);
			mainGroup = 505D91A81E1504E80012FBC1;
			productRefGroup = 505D91B21E1504E80012FBC1 /* Products */;
			projectDirPath = "";
			projectRoot = "";
			targets = (
				505D91B01E1504E80012FBC1 /* Cuma_Client */,
			);
		};
/* End PBXProject section */

/* Begin PBXSourcesBuildPhase section */
		505D91AD1E1504E80012FBC1 /* Sources */ = {
			isa = PBXSourcesBuildPhase;
			buildActionMask = 2147483647;
			files = (
				50F6C83E1E1B441100DE8C47 /* jsoncpp.cpp in Sources */,
				505D91C01E164CF40012FBC1 /* Cuma_client.cpp in Sources */,
				505D91CA1E1805600012FBC1 /* Cli_Sck.cpp in Sources */,
				505D91B51E1504E80012FBC1 /* main.cpp in Sources */,
				505D91C51E17F8FA0012FBC1 /* Cuma_Block.cpp in Sources */,
			);
			runOnlyForDeploymentPostprocessing = 0;
		};
/* End PBXSourcesBuildPhase section */

/* Begin XCBuildConfiguration section */
		505D91B61E1504E80012FBC1 /* Debug */ = {
			isa = XCBuildConfiguration;
			buildSettings = {
				ALWAYS_SEARCH_USER_PATHS = NO;
				CLANG_ANALYZER_NONNULL = YES;
				CLANG_CXX_LANGUAGE_STANDARD = "gnu++0x";
				CLANG_CXX_LIBRARY = "libc++";
				CLANG_ENABLE_MODULES = YES;
				CLANG_ENABLE_OBJC_ARC = YES;
				CLANG_WARN_BOOL_CONVERSION = YES;
				CLANG_WARN_CONSTANT_CONVERSION = YES;
				CLANG_WARN_DIRECT_OBJC_ISA_USAGE = YES_ERROR;
				CLANG_WARN_DOCUMENTATION_COMMENTS = YES;
				CLANG_WARN_EMPTY_BODY = YES;
				CLANG_WARN_ENUM_CONVERSION = YES;
				CLANG_WARN_INFINITE_RECURSION = YES;
				CLANG_WARN_INT_CONVERSION = YES;
				CLANG_WARN_OBJC_ROOT_CLASS = YES_ERROR;
				CLANG_WARN_SUSPICIOUS_MOVES = YES;
				CLANG_WARN_UNREACHABLE_CODE = YES;
				CLANG_WARN__DUPLICATE_METHOD_MATCH = YES;
				CODE_SIGN_IDENTITY = "-";
				COPY_PHASE_STRIP = NO;
				DEBUG_INFORMATION_FORMAT = dwarf;
				ENABLE_STRICT_OBJC_MSGSEND = YES;
				ENABLE_TESTABILITY = YES;
				GCC_C_LANGUAGE_STANDARD = gnu99;
				GCC_DYNAMIC_NO_PIC = NO;
				GCC_NO_COMMON_BLOCKS = YES;
				GCC_OPTIMIZATION_LEVEL = 0;
				GCC_PREPROCESSOR_DEFINITIONS = (
					"DEBUG=1",
					"$(inherited)",
				);
				GCC_WARN_64_TO_32_BIT_CONVERSION = YES;
				GCC_WARN_ABOUT_RETURN_TYPE = YES_ERROR;
				GCC_WARN_UNDECLARED_SELECTOR = YES;
				GCC_WARN_UNINITIALIZED_AUTOS = YES_AGGRESSIVE;
				GCC_WARN_UNUSED_FUNCTION = YES;
				GCC_WARN_UNUSED_VARIABLE = YES;
				MACOSX_DEPLOYMENT_TARGET = 10.12;
				MTL_ENABLE_DEBUG_INFO = YES;
				ONLY_ACTIVE_ARCH = YES;
				SDKROOT = macosx;
			};
			name = Debug;
		};
		505D91B71E1504E80012FBC1 /* Release */ = {
			isa = XCBuildConfiguration;
			buildSettings = {
				ALWAYS_SEARCH_USER_PATHS = NO;
				CLANG_ANALYZER_NONNULL = YES;
				CLANG_CXX_LANGUAGE_STANDARD = "gnu++0x";
				CLANG_CXX_LIBRARY = "libc++";
				CLANG_ENABLE_MODULES = YES;
				CLANG_ENABLE_OBJC_ARC = YES;
				CLANG_WARN_BOOL_CONVERSION = YES;
				CLANG_WARN_CONSTANT_CONVERSION = YES;
				CLANG_WARN_DIRECT_OBJC_ISA_USAGE = YES_ERROR;
				CLANG_WARN_DOCUMENTATION_COMMENTS = YES;
				CLANG_WARN_EMPTY_BODY = YES;
				CLANG_WARN_ENUM_CONVERSION = YES;
				CLANG_WARN_INFINITE_RECURSION = YES;
				CLANG_WARN_INT_CONVERSION = YES;
				CLANG_WARN_OBJC_ROOT_CLASS = YES_ERROR;
				CLANG_WARN_SUSPICIOUS_MOVES = YES;
				CLANG_WARN_UNREACHABLE_CODE = YES;
				CLANG_WARN__DUPLICATE_METHOD_MATCH = YES;
				CODE_SIGN_IDENTITY = "-";
				COPY_PHASE_STRIP = NO;
				DEBUG_INFORMATION_FORMAT = "dwarf-with-dsym";
				ENABLE_NS_ASSERTIONS = NO;
				ENABLE_STRICT_OBJC_MSGSEND = YES;
				GCC_C_LANGUAGE_STANDARD = gnu99;
				GCC_NO_COMMON_BLOCKS = YES;
				GCC_WARN_64_TO_32_BIT_CONVERSION = YES;
				GCC_WARN_ABOUT_RETURN_TYPE = YES_ERROR;
				GCC_WARN_UNDECLARED_SELECTOR = YES;
				GCC_WARN_UNINITIALIZED_AUTOS = YES_AGGRESSIVE;
				GCC_WARN_UNUSED_FUNCTION = YES;
				GCC_WARN_UNUSED_VARIABLE = YES;
				MACOSX_DEPLOYMENT_TARGET = 10.12;
				MTL_ENABLE_DEBUG_INFO = NO;
				SDKROOT = macosx;
			};
			name = Release;
		};
		505D91B91E1504E80012FBC1 /* Debug */ = {
			isa = XCBuildConfiguration;
			buildSettings = {
				DEVELOPMENT_TEAM = 2A9X84KH8Y;
				HEADER_SEARCH_PATHS = "/Users/ace/xcode/jsoncpp-master/dist";
				PRODUCT_NAME = "$(TARGET_NAME)";
			};
			name = Debug;
		};
		505D91BA1E1504E80012FBC1 /* Release */ = {
			isa = XCBuildConfiguration;
			buildSettings = {
				DEVELOPMENT_TEAM = 2A9X84KH8Y;
				HEADER_SEARCH_PATHS = "/Users/ace/xcode/jsoncpp-master/dist";
				PRODUCT_NAME = "$(TARGET_NAME)";
			};
			name = Release;
		};
/* End XCBuildConfiguration section */

/* Begin XCConfigurationList section */
		505D91AC1E1504E80012FBC1 /* Build configuration list for PBXProject "Cuma_Client" */ = {
			isa = XCConfigurationList;
			buildConfigurations = (
				505D91B61E1504E80012FBC1 /* Debug */,
				505D91B71E1504E80012FBC1 /* Release */,
			);
			defaultConfigurationIsVisible = 0;
			defaultConfigurationName = Release;
		};
		505D91B81E1504E80012FBC1 /* Build configuration list for PBXNativeTarget "Cuma_Client" */ = {
			isa = XCConfigurationList;
			buildConfigurations = (
				505D91B91E1504E80012FBC1 /* Debug */,
				505D91BA1E1504E80012FBC1 /* Release */,
			);
			defaultConfigurationIsVisible = 0;
			defaultConfigurationName = Release;
		};
/* End XCConfigurationList section */
	};
	rootObject = 505D91A91E1504E80012FBC1 /* Project object */;
}
